
Microsoft Visual Studio Solution File, Format Version 12.00
# Visual Studio Version 17
VisualStudioVersion = 17.14.36603.0 d17.14
MinimumVisualStudioVersion = 10.0.40219.1
Project("{FAE04EC0-301F-11D3-BF4B-00C04F79EFBC}") = "ApagarCSS", "ApagarCSS\ApagarCSS.csproj", "{CDB18F78-F08C-46F0-A9E8-C34DFC405E18}"
EndProject
Global
	GlobalSection(SolutionConfigurationPlatforms) = preSolution
		Debug|Any CPU = Debug|Any CPU
		Release|Any CPU = Release|Any CPU
	EndGlobalSection
	GlobalSection(ProjectConfigurationPlatforms) = postSolution
		{CDB18F78-F08C-46F0-A9E8-C34DFC405E18}.Debug|Any CPU.ActiveCfg = Debug|Any CPU
		{CDB18F78-F08C-46F0-A9E8-C34DFC405E18}.Debug|Any CPU.Build.0 = Debug|Any CPU
		{CDB18F78-F08C-46F0-A9E8-C34DFC405E18}.Release|Any CPU.ActiveCfg = Release|Any CPU
		{CDB18F78-F08C-46F0-A9E8-C34DFC405E18}.Release|Any CPU.Build.0 = Release|Any CPU
	EndGlobalSection
	GlobalSection(SolutionProperties) = preSolution
		HideSolutionNode = FALSE
	EndGlobalSection
	GlobalSection(ExtensibilityGlobals) = postSolution
		SolutionGuid = {65EED1D7-1958-4750-936C-9F12E0D5C4AF}
	EndGlobalSection
EndGlobal
