
Microsoft Visual Studio Solution File, Format Version 12.00
# Visual Studio Version 18
VisualStudioVersion = 18.0.11205.157
MinimumVisualStudioVersion = 10.0.40219.1
Project("{FAE04EC0-301F-11D3-BF4B-00C04F79EFBC}") = "RedRidersNew", "RedRidersNew\RedRidersNew.csproj", "{EF3349AC-8112-4046-9846-B05ED84105DF}"
EndProject
Global
	GlobalSection(SolutionConfigurationPlatforms) = preSolution
		Debug|Any CPU = Debug|Any CPU
		Release|Any CPU = Release|Any CPU
	EndGlobalSection
	GlobalSection(ProjectConfigurationPlatforms) = postSolution
		{EF3349AC-8112-4046-9846-B05ED84105DF}.Debug|Any CPU.ActiveCfg = Debug|Any CPU
		{EF3349AC-8112-4046-9846-B05ED84105DF}.Debug|Any CPU.Build.0 = Debug|Any CPU
		{EF3349AC-8112-4046-9846-B05ED84105DF}.Release|Any CPU.ActiveCfg = Release|Any CPU
		{EF3349AC-8112-4046-9846-B05ED84105DF}.Release|Any CPU.Build.0 = Release|Any CPU
	EndGlobalSection
	GlobalSection(SolutionProperties) = preSolution
		HideSolutionNode = FALSE
	EndGlobalSection
	GlobalSection(ExtensibilityGlobals) = postSolution
		SolutionGuid = {708C867A-9AF5-437A-B7E2-DDC6BC84D75E}
	EndGlobalSection
EndGlobal
